// !$*UTF8*$!
{
	archiveVersion = 1;
	classes = {
	};
	objectVersion = 56;
	objects = {

/* Begin PBXBuildFile section */
		921BF3B62A436ECF00AC5909 /* EmptyStateView.swift in Sources */ = {isa = PBXBuildFile; fileRef = 921BF3B52A436ECF00AC5909 /* EmptyStateView.swift */; };
		921BF3B82A43A8E500AC5909 /* EmptyStateType.swift in Sources */ = {isa = PBXBuildFile; fileRef = 921BF3B72A43A8E500AC5909 /* EmptyStateType.swift */; };
		921BF3BB2A44CC1200AC5909 /* Lottie in Frameworks */ = {isa = PBXBuildFile; productRef = 921BF3BA2A44CC1200AC5909 /* Lottie */; };
		921BF3BD2A44CF9300AC5909 /* LottieView.swift in Sources */ = {isa = PBXBuildFile; fileRef = 921BF3BC2A44CF9300AC5909 /* LottieView.swift */; };
		921BF3C42A44D12900AC5909 /* notes.json in Resources */ = {isa = PBXBuildFile; fileRef = 921BF3BF2A44D12800AC5909 /* notes.json */; };
		921BF3C52A44D12900AC5909 /* home_graph.json in Resources */ = {isa = PBXBuildFile; fileRef = 921BF3C02A44D12800AC5909 /* home_graph.json */; };
		921BF3C62A44D12900AC5909 /* contacts.json in Resources */ = {isa = PBXBuildFile; fileRef = 921BF3C12A44D12800AC5909 /* contacts.json */; };
		921BF3C72A44D12900AC5909 /* deals.json in Resources */ = {isa = PBXBuildFile; fileRef = 921BF3C22A44D12900AC5909 /* deals.json */; };
		921BF3C82A44D12900AC5909 /* home_recent.json in Resources */ = {isa = PBXBuildFile; fileRef = 921BF3C32A44D12900AC5909 /* home_recent.json */; };
		9239B77D29E3656600BBECE0 /* TrettaApp.swift in Sources */ = {isa = PBXBuildFile; fileRef = 9239B77C29E3656600BBECE0 /* TrettaApp.swift */; };
		9239B78129E3656700BBECE0 /* Assets.xcassets in Resources */ = {isa = PBXBuildFile; fileRef = 9239B78029E3656700BBECE0 /* Assets.xcassets */; };
		9239B78429E3656700BBECE0 /* Preview Assets.xcassets in Resources */ = {isa = PBXBuildFile; fileRef = 9239B78329E3656700BBECE0 /* Preview Assets.xcassets */; };
		9239B78E29E3656700BBECE0 /* TrettaTests.swift in Sources */ = {isa = PBXBuildFile; fileRef = 9239B78D29E3656700BBECE0 /* TrettaTests.swift */; };
		9239B79829E3656700BBECE0 /* TrettaUITests.swift in Sources */ = {isa = PBXBuildFile; fileRef = 9239B79729E3656700BBECE0 /* TrettaUITests.swift */; };
		9239B79A29E3656700BBECE0 /* TrettaUITestsLaunchTests.swift in Sources */ = {isa = PBXBuildFile; fileRef = 9239B79929E3656700BBECE0 /* TrettaUITestsLaunchTests.swift */; };
		9239B7B029E3AC8A00BBECE0 /* Route.swift in Sources */ = {isa = PBXBuildFile; fileRef = 9239B7AF29E3AC8A00BBECE0 /* Route.swift */; };
		9239B7B229E3AF3900BBECE0 /* OnboardingRouter.swift in Sources */ = {isa = PBXBuildFile; fileRef = 9239B7B129E3AF3900BBECE0 /* OnboardingRouter.swift */; };
		9239B7B429E3B1BC00BBECE0 /* AppContainerView.swift in Sources */ = {isa = PBXBuildFile; fileRef = 9239B7B329E3B1BC00BBECE0 /* AppContainerView.swift */; };
		9239B7B629E3B20400BBECE0 /* SignInScreen.swift in Sources */ = {isa = PBXBuildFile; fileRef = 9239B7B529E3B20400BBECE0 /* SignInScreen.swift */; };
		9239B7B829E4AB3500BBECE0 /* CustomStringConvertible.swift in Sources */ = {isa = PBXBuildFile; fileRef = 9239B7B729E4AB3500BBECE0 /* CustomStringConvertible.swift */; };
		9239B7BB29E4AC8F00BBECE0 /* SnakeCaseJSONDecoder.swift in Sources */ = {isa = PBXBuildFile; fileRef = 9239B7BA29E4AC8F00BBECE0 /* SnakeCaseJSONDecoder.swift */; };
		9239B7BD29E4AD4300BBECE0 /* User.swift in Sources */ = {isa = PBXBuildFile; fileRef = 9239B7BC29E4AD4300BBECE0 /* User.swift */; };
		9239B7BF29E4AE6A00BBECE0 /* Organization.swift in Sources */ = {isa = PBXBuildFile; fileRef = 9239B7BE29E4AE6A00BBECE0 /* Organization.swift */; };
		9239B7C129E4B2A400BBECE0 /* HexColorExtension.swift in Sources */ = {isa = PBXBuildFile; fileRef = 9239B7C029E4B2A400BBECE0 /* HexColorExtension.swift */; };
		9239B7C329E5114300BBECE0 /* FloatingTextField.swift in Sources */ = {isa = PBXBuildFile; fileRef = 9239B7C229E5114300BBECE0 /* FloatingTextField.swift */; };
		9239B7C529E667B400BBECE0 /* Colors.swift in Sources */ = {isa = PBXBuildFile; fileRef = 9239B7C429E667B400BBECE0 /* Colors.swift */; };
		9239B7C729E66AE400BBECE0 /* PillButton.swift in Sources */ = {isa = PBXBuildFile; fileRef = 9239B7C629E66AE400BBECE0 /* PillButton.swift */; };
		9239B7C929E745A500BBECE0 /* ClearButton.swift in Sources */ = {isa = PBXBuildFile; fileRef = 9239B7C829E745A500BBECE0 /* ClearButton.swift */; };
		9239B7CB29E755FD00BBECE0 /* NavigationState.swift in Sources */ = {isa = PBXBuildFile; fileRef = 9239B7CA29E755FD00BBECE0 /* NavigationState.swift */; };
		9239B7CD29E9A4A400BBECE0 /* ResetPasswordScreen.swift in Sources */ = {isa = PBXBuildFile; fileRef = 9239B7CC29E9A4A400BBECE0 /* ResetPasswordScreen.swift */; };
		9239B7CF29E9B5D600BBECE0 /* AddCompanyScreen.swift in Sources */ = {isa = PBXBuildFile; fileRef = 9239B7CE29E9B5D600BBECE0 /* AddCompanyScreen.swift */; };
		9239B7D129E9B75F00BBECE0 /* SignUpNameScreen.swift in Sources */ = {isa = PBXBuildFile; fileRef = 9239B7D029E9B75F00BBECE0 /* SignUpNameScreen.swift */; };
		9239B7D329E9B7A800BBECE0 /* SignUpAccountScreen.swift in Sources */ = {isa = PBXBuildFile; fileRef = 9239B7D229E9B7A800BBECE0 /* SignUpAccountScreen.swift */; };
		9239B7D529E9C0EF00BBECE0 /* CheckboxToggle.swift in Sources */ = {isa = PBXBuildFile; fileRef = 9239B7D429E9C0EF00BBECE0 /* CheckboxToggle.swift */; };
		9239B7DB29EA0B1100BBECE0 /* DashboardPipelineProgress.swift in Sources */ = {isa = PBXBuildFile; fileRef = 9239B7DA29EA0B1100BBECE0 /* DashboardPipelineProgress.swift */; };
		9239B7DD29EA0BDD00BBECE0 /* HomeScreen.swift in Sources */ = {isa = PBXBuildFile; fileRef = 9239B7DC29EA0BDD00BBECE0 /* HomeScreen.swift */; };
		9239B7DF29EB55DC00BBECE0 /* DashboardProgressSection.swift in Sources */ = {isa = PBXBuildFile; fileRef = 9239B7DE29EB55DC00BBECE0 /* DashboardProgressSection.swift */; };
		9239B7E129EB591100BBECE0 /* DashboardMetricsSection.swift in Sources */ = {isa = PBXBuildFile; fileRef = 9239B7E029EB591100BBECE0 /* DashboardMetricsSection.swift */; };
		9239B7E329EBEC9E00BBECE0 /* RecentDealCard.swift in Sources */ = {isa = PBXBuildFile; fileRef = 9239B7E229EBEC9E00BBECE0 /* RecentDealCard.swift */; };
		9241FF4329EE1DAD00F37CCA /* RecentContactCard.swift in Sources */ = {isa = PBXBuildFile; fileRef = 9241FF4229EE1DAD00F37CCA /* RecentContactCard.swift */; };
		9241FF4529EE1E6100F37CCA /* ContactCircle.swift in Sources */ = {isa = PBXBuildFile; fileRef = 9241FF4429EE1E6100F37CCA /* ContactCircle.swift */; };
		9241FF4729EE238E00F37CCA /* DropdownMenu.swift in Sources */ = {isa = PBXBuildFile; fileRef = 9241FF4629EE238E00F37CCA /* DropdownMenu.swift */; };
		9241FF4929EE319B00F37CCA /* ChartDataContainer.swift in Sources */ = {isa = PBXBuildFile; fileRef = 9241FF4829EE319B00F37CCA /* ChartDataContainer.swift */; };
		9241FF4B29EE358000F37CCA /* DonutChart.swift in Sources */ = {isa = PBXBuildFile; fileRef = 9241FF4A29EE358000F37CCA /* DonutChart.swift */; };
		9241FF4D29EF6DF000F37CCA /* RecentDealsSection.swift in Sources */ = {isa = PBXBuildFile; fileRef = 9241FF4C29EF6DF000F37CCA /* RecentDealsSection.swift */; };
		9241FF4F29EF743500F37CCA /* RecentContactsSection.swift in Sources */ = {isa = PBXBuildFile; fileRef = 9241FF4E29EF743500F37CCA /* RecentContactsSection.swift */; };
		9241FF5529F027F600F37CCA /* Contact.swift in Sources */ = {isa = PBXBuildFile; fileRef = 9241FF5429F027F600F37CCA /* Contact.swift */; };
		9241FF5729F02BEF00F37CCA /* ContactScreen.swift in Sources */ = {isa = PBXBuildFile; fileRef = 9241FF5629F02BEF00F37CCA /* ContactScreen.swift */; };
		9241FF5B29F0496200F37CCA /* ContactRouter.swift in Sources */ = {isa = PBXBuildFile; fileRef = 9241FF5A29F0496200F37CCA /* ContactRouter.swift */; };
		9241FF5D29F04A7500F37CCA /* HomeRouter.swift in Sources */ = {isa = PBXBuildFile; fileRef = 9241FF5C29F04A7500F37CCA /* HomeRouter.swift */; };
		9241FF5F29F04D8300F37CCA /* ContactHeader.swift in Sources */ = {isa = PBXBuildFile; fileRef = 9241FF5E29F04D8300F37CCA /* ContactHeader.swift */; };
		9241FF6129F04F8F00F37CCA /* ContactMockData.swift in Sources */ = {isa = PBXBuildFile; fileRef = 9241FF6029F04F8F00F37CCA /* ContactMockData.swift */; };
		9241FF6329F0541800F37CCA /* ContactRow.swift in Sources */ = {isa = PBXBuildFile; fileRef = 9241FF6229F0541800F37CCA /* ContactRow.swift */; };
		9241FF6529F060E800F37CCA /* ContactList.swift in Sources */ = {isa = PBXBuildFile; fileRef = 9241FF6429F060E800F37CCA /* ContactList.swift */; };
		9241FF6729F0D0CD00F37CCA /* RootMainView.swift in Sources */ = {isa = PBXBuildFile; fileRef = 9241FF6629F0D0CD00F37CCA /* RootMainView.swift */; };
		9241FF6C29FB4F1300F37CCA /* ContactDetailScreen.swift in Sources */ = {isa = PBXBuildFile; fileRef = 9241FF6B29FB4F1300F37CCA /* ContactDetailScreen.swift */; };
		9241FF6E29FB545000F37CCA /* ContactDetailActionButton.swift in Sources */ = {isa = PBXBuildFile; fileRef = 9241FF6D29FB545000F37CCA /* ContactDetailActionButton.swift */; };
		924A3F1E2A56103F00F5B7D8 /* Alamofire in Frameworks */ = {isa = PBXBuildFile; productRef = 924A3F1D2A56103F00F5B7D8 /* Alamofire */; };
		924A3F222A56470E00F5B7D8 /* UserRouter.swift in Sources */ = {isa = PBXBuildFile; fileRef = 924A3F212A56470E00F5B7D8 /* UserRouter.swift */; };
		924A3F242A56486F00F5B7D8 /* Constants.swift in Sources */ = {isa = PBXBuildFile; fileRef = 924A3F232A56486F00F5B7D8 /* Constants.swift */; };
		924A3F262A565DD800F5B7D8 /* UserService.swift in Sources */ = {isa = PBXBuildFile; fileRef = 924A3F252A565DD800F5B7D8 /* UserService.swift */; };
		924A3F282A5B486B00F5B7D8 /* AuthRouter.swift in Sources */ = {isa = PBXBuildFile; fileRef = 924A3F272A5B486B00F5B7D8 /* AuthRouter.swift */; };
		924A3F2A2A5B4A7C00F5B7D8 /* AuthService.swift in Sources */ = {isa = PBXBuildFile; fileRef = 924A3F292A5B4A7C00F5B7D8 /* AuthService.swift */; };
		924A3F2D2A5B857C00F5B7D8 /* SuccessfulLoginResponse.swift in Sources */ = {isa = PBXBuildFile; fileRef = 924A3F2C2A5B857C00F5B7D8 /* SuccessfulLoginResponse.swift */; };
		924A3F2F2A6773F700F5B7D8 /* KeyStorage.swift in Sources */ = {isa = PBXBuildFile; fileRef = 924A3F2E2A6773F700F5B7D8 /* KeyStorage.swift */; };
		924A3F322A67743000F5B7D8 /* KeychainAccess in Frameworks */ = {isa = PBXBuildFile; productRef = 924A3F312A67743000F5B7D8 /* KeychainAccess */; };
		924A3F342A69FAC000F5B7D8 /* HomeScreenModel.swift in Sources */ = {isa = PBXBuildFile; fileRef = 924A3F332A69FAC000F5B7D8 /* HomeScreenModel.swift */; };
		926806922A2D0DCC00B604CF /* DealNoteList.swift in Sources */ = {isa = PBXBuildFile; fileRef = 926806912A2D0DCC00B604CF /* DealNoteList.swift */; };
		926806942A2D0EEC00B604CF /* NoteRow.swift in Sources */ = {isa = PBXBuildFile; fileRef = 926806932A2D0EEC00B604CF /* NoteRow.swift */; };
		9268069A2A33AE0F00B604CF /* SettingsScreen.swift in Sources */ = {isa = PBXBuildFile; fileRef = 926806992A33AE0F00B604CF /* SettingsScreen.swift */; };
		9268069C2A33AFC800B604CF /* SettingRow.swift in Sources */ = {isa = PBXBuildFile; fileRef = 9268069B2A33AFC800B604CF /* SettingRow.swift */; };
		926F99E329FC01F000632F61 /* ContactDetailAction.swift in Sources */ = {isa = PBXBuildFile; fileRef = 926F99E229FC01F000632F61 /* ContactDetailAction.swift */; };
		92E0011629FCCE9000603EAB /* ContactDetailSubSection.swift in Sources */ = {isa = PBXBuildFile; fileRef = 92E0011529FCCE9000603EAB /* ContactDetailSubSection.swift */; };
		92E0011829FCDAE800603EAB /* ContactDetailNoteSection.swift in Sources */ = {isa = PBXBuildFile; fileRef = 92E0011729FCDAE800603EAB /* ContactDetailNoteSection.swift */; };
		92E0011A29FCE02800603EAB /* ContactDetailSummarySection.swift in Sources */ = {isa = PBXBuildFile; fileRef = 92E0011929FCE02800603EAB /* ContactDetailSummarySection.swift */; };
		92E001202A01A92F00603EAB /* PipelineScreen.swift in Sources */ = {isa = PBXBuildFile; fileRef = 92E0011F2A01A92F00603EAB /* PipelineScreen.swift */; };
		92E001222A01F1BE00603EAB /* DealSectionHeader.swift in Sources */ = {isa = PBXBuildFile; fileRef = 92E001212A01F1BE00603EAB /* DealSectionHeader.swift */; };
		92E001242A0359BF00603EAB /* DealSectionList.swift in Sources */ = {isa = PBXBuildFile; fileRef = 92E001232A0359BF00603EAB /* DealSectionList.swift */; };
		92E001262A0404DB00603EAB /* Pipeline.swift in Sources */ = {isa = PBXBuildFile; fileRef = 92E001252A0404DB00603EAB /* Pipeline.swift */; };
		92E001282A04050E00603EAB /* Stage.swift in Sources */ = {isa = PBXBuildFile; fileRef = 92E001272A04050E00603EAB /* Stage.swift */; };
		92E0012A2A0405DE00603EAB /* Deal.swift in Sources */ = {isa = PBXBuildFile; fileRef = 92E001292A0405DE00603EAB /* Deal.swift */; };
		92E0012C2A04094000603EAB /* DealRow.swift in Sources */ = {isa = PBXBuildFile; fileRef = 92E0012B2A04094000603EAB /* DealRow.swift */; };
		92E0012E2A04180900603EAB /* PipelineMockData.swift in Sources */ = {isa = PBXBuildFile; fileRef = 92E0012D2A04180900603EAB /* PipelineMockData.swift */; };
		92E001302A0EB82700603EAB /* PipelineScreenModel.swift in Sources */ = {isa = PBXBuildFile; fileRef = 92E0012F2A0EB82600603EAB /* PipelineScreenModel.swift */; };
		92E001322A10234000603EAB /* BindingOnChangeExtension.swift in Sources */ = {isa = PBXBuildFile; fileRef = 92E001312A10234000603EAB /* BindingOnChangeExtension.swift */; };
		92E001342A17C8D900603EAB /* PipelineRouter.swift in Sources */ = {isa = PBXBuildFile; fileRef = 92E001332A17C8D900603EAB /* PipelineRouter.swift */; };
		92E001362A199A7000603EAB /* DealScreen.swift in Sources */ = {isa = PBXBuildFile; fileRef = 92E001352A199A7000603EAB /* DealScreen.swift */; };
/* End PBXBuildFile section */

/* Begin PBXContainerItemProxy section */
		9239B78A29E3656700BBECE0 /* PBXContainerItemProxy */ = {
			isa = PBXContainerItemProxy;
			containerPortal = 9239B77129E3656600BBECE0 /* Project object */;
			proxyType = 1;
			remoteGlobalIDString = 9239B77829E3656600BBECE0;
			remoteInfo = Tretta;
		};
		9239B79429E3656700BBECE0 /* PBXContainerItemProxy */ = {
			isa = PBXContainerItemProxy;
			containerPortal = 9239B77129E3656600BBECE0 /* Project object */;
			proxyType = 1;
			remoteGlobalIDString = 9239B77829E3656600BBECE0;
			remoteInfo = Tretta;
		};
/* End PBXContainerItemProxy section */

/* Begin PBXFileReference section */
		921BF3B52A436ECF00AC5909 /* EmptyStateView.swift */ = {isa = PBXFileReference; lastKnownFileType = sourcecode.swift; path = EmptyStateView.swift; sourceTree = "<group>"; };
		921BF3B72A43A8E500AC5909 /* EmptyStateType.swift */ = {isa = PBXFileReference; lastKnownFileType = sourcecode.swift; path = EmptyStateType.swift; sourceTree = "<group>"; };
		921BF3BC2A44CF9300AC5909 /* LottieView.swift */ = {isa = PBXFileReference; lastKnownFileType = sourcecode.swift; path = LottieView.swift; sourceTree = "<group>"; };
		921BF3BF2A44D12800AC5909 /* notes.json */ = {isa = PBXFileReference; fileEncoding = 4; lastKnownFileType = text.json; path = notes.json; sourceTree = "<group>"; };
		921BF3C02A44D12800AC5909 /* home_graph.json */ = {isa = PBXFileReference; fileEncoding = 4; lastKnownFileType = text.json; path = home_graph.json; sourceTree = "<group>"; };
		921BF3C12A44D12800AC5909 /* contacts.json */ = {isa = PBXFileReference; fileEncoding = 4; lastKnownFileType = text.json; path = contacts.json; sourceTree = "<group>"; };
		921BF3C22A44D12900AC5909 /* deals.json */ = {isa = PBXFileReference; fileEncoding = 4; lastKnownFileType = text.json; path = deals.json; sourceTree = "<group>"; };
		921BF3C32A44D12900AC5909 /* home_recent.json */ = {isa = PBXFileReference; fileEncoding = 4; lastKnownFileType = text.json; path = home_recent.json; sourceTree = "<group>"; };
		9239B77929E3656600BBECE0 /* Tretta.app */ = {isa = PBXFileReference; explicitFileType = wrapper.application; includeInIndex = 0; path = Tretta.app; sourceTree = BUILT_PRODUCTS_DIR; };
		9239B77C29E3656600BBECE0 /* TrettaApp.swift */ = {isa = PBXFileReference; lastKnownFileType = sourcecode.swift; path = TrettaApp.swift; sourceTree = "<group>"; };
		9239B78029E3656700BBECE0 /* Assets.xcassets */ = {isa = PBXFileReference; lastKnownFileType = folder.assetcatalog; path = Assets.xcassets; sourceTree = "<group>"; };
		9239B78329E3656700BBECE0 /* Preview Assets.xcassets */ = {isa = PBXFileReference; lastKnownFileType = folder.assetcatalog; path = "Preview Assets.xcassets"; sourceTree = "<group>"; };
		9239B78929E3656700BBECE0 /* TrettaTests.xctest */ = {isa = PBXFileReference; explicitFileType = wrapper.cfbundle; includeInIndex = 0; path = TrettaTests.xctest; sourceTree = BUILT_PRODUCTS_DIR; };
		9239B78D29E3656700BBECE0 /* TrettaTests.swift */ = {isa = PBXFileReference; lastKnownFileType = sourcecode.swift; path = TrettaTests.swift; sourceTree = "<group>"; };
		9239B79329E3656700BBECE0 /* TrettaUITests.xctest */ = {isa = PBXFileReference; explicitFileType = wrapper.cfbundle; includeInIndex = 0; path = TrettaUITests.xctest; sourceTree = BUILT_PRODUCTS_DIR; };
		9239B79729E3656700BBECE0 /* TrettaUITests.swift */ = {isa = PBXFileReference; lastKnownFileType = sourcecode.swift; path = TrettaUITests.swift; sourceTree = "<group>"; };
		9239B79929E3656700BBECE0 /* TrettaUITestsLaunchTests.swift */ = {isa = PBXFileReference; lastKnownFileType = sourcecode.swift; path = TrettaUITestsLaunchTests.swift; sourceTree = "<group>"; };
		9239B7AF29E3AC8A00BBECE0 /* Route.swift */ = {isa = PBXFileReference; lastKnownFileType = sourcecode.swift; path = Route.swift; sourceTree = "<group>"; };
		9239B7B129E3AF3900BBECE0 /* OnboardingRouter.swift */ = {isa = PBXFileReference; lastKnownFileType = sourcecode.swift; path = OnboardingRouter.swift; sourceTree = "<group>"; };
		9239B7B329E3B1BC00BBECE0 /* AppContainerView.swift */ = {isa = PBXFileReference; lastKnownFileType = sourcecode.swift; path = AppContainerView.swift; sourceTree = "<group>"; };
		9239B7B529E3B20400BBECE0 /* SignInScreen.swift */ = {isa = PBXFileReference; lastKnownFileType = sourcecode.swift; path = SignInScreen.swift; sourceTree = "<group>"; };
		9239B7B729E4AB3500BBECE0 /* CustomStringConvertible.swift */ = {isa = PBXFileReference; lastKnownFileType = sourcecode.swift; path = CustomStringConvertible.swift; sourceTree = "<group>"; };
		9239B7BA29E4AC8F00BBECE0 /* SnakeCaseJSONDecoder.swift */ = {isa = PBXFileReference; lastKnownFileType = sourcecode.swift; path = SnakeCaseJSONDecoder.swift; sourceTree = "<group>"; };
		9239B7BC29E4AD4300BBECE0 /* User.swift */ = {isa = PBXFileReference; lastKnownFileType = sourcecode.swift; path = User.swift; sourceTree = "<group>"; };
		9239B7BE29E4AE6A00BBECE0 /* Organization.swift */ = {isa = PBXFileReference; lastKnownFileType = sourcecode.swift; path = Organization.swift; sourceTree = "<group>"; };
		9239B7C029E4B2A400BBECE0 /* HexColorExtension.swift */ = {isa = PBXFileReference; lastKnownFileType = sourcecode.swift; path = HexColorExtension.swift; sourceTree = "<group>"; };
		9239B7C229E5114300BBECE0 /* FloatingTextField.swift */ = {isa = PBXFileReference; lastKnownFileType = sourcecode.swift; path = FloatingTextField.swift; sourceTree = "<group>"; };
		9239B7C429E667B400BBECE0 /* Colors.swift */ = {isa = PBXFileReference; lastKnownFileType = sourcecode.swift; path = Colors.swift; sourceTree = "<group>"; };
		9239B7C629E66AE400BBECE0 /* PillButton.swift */ = {isa = PBXFileReference; lastKnownFileType = sourcecode.swift; path = PillButton.swift; sourceTree = "<group>"; };
		9239B7C829E745A500BBECE0 /* ClearButton.swift */ = {isa = PBXFileReference; lastKnownFileType = sourcecode.swift; path = ClearButton.swift; sourceTree = "<group>"; };
		9239B7CA29E755FD00BBECE0 /* NavigationState.swift */ = {isa = PBXFileReference; lastKnownFileType = sourcecode.swift; path = NavigationState.swift; sourceTree = "<group>"; };
		9239B7CC29E9A4A400BBECE0 /* ResetPasswordScreen.swift */ = {isa = PBXFileReference; lastKnownFileType = sourcecode.swift; path = ResetPasswordScreen.swift; sourceTree = "<group>"; };
		9239B7CE29E9B5D600BBECE0 /* AddCompanyScreen.swift */ = {isa = PBXFileReference; lastKnownFileType = sourcecode.swift; path = AddCompanyScreen.swift; sourceTree = "<group>"; };
		9239B7D029E9B75F00BBECE0 /* SignUpNameScreen.swift */ = {isa = PBXFileReference; lastKnownFileType = sourcecode.swift; path = SignUpNameScreen.swift; sourceTree = "<group>"; };
		9239B7D229E9B7A800BBECE0 /* SignUpAccountScreen.swift */ = {isa = PBXFileReference; lastKnownFileType = sourcecode.swift; path = SignUpAccountScreen.swift; sourceTree = "<group>"; };
		9239B7D429E9C0EF00BBECE0 /* CheckboxToggle.swift */ = {isa = PBXFileReference; lastKnownFileType = sourcecode.swift; path = CheckboxToggle.swift; sourceTree = "<group>"; };
		9239B7DA29EA0B1100BBECE0 /* DashboardPipelineProgress.swift */ = {isa = PBXFileReference; lastKnownFileType = sourcecode.swift; path = DashboardPipelineProgress.swift; sourceTree = "<group>"; };
		9239B7DC29EA0BDD00BBECE0 /* HomeScreen.swift */ = {isa = PBXFileReference; lastKnownFileType = sourcecode.swift; path = HomeScreen.swift; sourceTree = "<group>"; };
		9239B7DE29EB55DC00BBECE0 /* DashboardProgressSection.swift */ = {isa = PBXFileReference; lastKnownFileType = sourcecode.swift; path = DashboardProgressSection.swift; sourceTree = "<group>"; };
		9239B7E029EB591100BBECE0 /* DashboardMetricsSection.swift */ = {isa = PBXFileReference; lastKnownFileType = sourcecode.swift; path = DashboardMetricsSection.swift; sourceTree = "<group>"; };
		9239B7E229EBEC9E00BBECE0 /* RecentDealCard.swift */ = {isa = PBXFileReference; lastKnownFileType = sourcecode.swift; path = RecentDealCard.swift; sourceTree = "<group>"; };
		9241FF4229EE1DAD00F37CCA /* RecentContactCard.swift */ = {isa = PBXFileReference; lastKnownFileType = sourcecode.swift; path = RecentContactCard.swift; sourceTree = "<group>"; };
		9241FF4429EE1E6100F37CCA /* ContactCircle.swift */ = {isa = PBXFileReference; lastKnownFileType = sourcecode.swift; path = ContactCircle.swift; sourceTree = "<group>"; };
		9241FF4629EE238E00F37CCA /* DropdownMenu.swift */ = {isa = PBXFileReference; lastKnownFileType = sourcecode.swift; path = DropdownMenu.swift; sourceTree = "<group>"; };
		9241FF4829EE319B00F37CCA /* ChartDataContainer.swift */ = {isa = PBXFileReference; lastKnownFileType = sourcecode.swift; path = ChartDataContainer.swift; sourceTree = "<group>"; };
		9241FF4A29EE358000F37CCA /* DonutChart.swift */ = {isa = PBXFileReference; lastKnownFileType = sourcecode.swift; path = DonutChart.swift; sourceTree = "<group>"; };
		9241FF4C29EF6DF000F37CCA /* RecentDealsSection.swift */ = {isa = PBXFileReference; lastKnownFileType = sourcecode.swift; path = RecentDealsSection.swift; sourceTree = "<group>"; };
		9241FF4E29EF743500F37CCA /* RecentContactsSection.swift */ = {isa = PBXFileReference; lastKnownFileType = sourcecode.swift; path = RecentContactsSection.swift; sourceTree = "<group>"; };
		9241FF5429F027F600F37CCA /* Contact.swift */ = {isa = PBXFileReference; lastKnownFileType = sourcecode.swift; path = Contact.swift; sourceTree = "<group>"; };
		9241FF5629F02BEF00F37CCA /* ContactScreen.swift */ = {isa = PBXFileReference; lastKnownFileType = sourcecode.swift; path = ContactScreen.swift; sourceTree = "<group>"; };
		9241FF5A29F0496200F37CCA /* ContactRouter.swift */ = {isa = PBXFileReference; lastKnownFileType = sourcecode.swift; path = ContactRouter.swift; sourceTree = "<group>"; };
		9241FF5C29F04A7500F37CCA /* HomeRouter.swift */ = {isa = PBXFileReference; lastKnownFileType = sourcecode.swift; path = HomeRouter.swift; sourceTree = "<group>"; };
		9241FF5E29F04D8300F37CCA /* ContactHeader.swift */ = {isa = PBXFileReference; lastKnownFileType = sourcecode.swift; path = ContactHeader.swift; sourceTree = "<group>"; };
		9241FF6029F04F8F00F37CCA /* ContactMockData.swift */ = {isa = PBXFileReference; lastKnownFileType = sourcecode.swift; path = ContactMockData.swift; sourceTree = "<group>"; };
		9241FF6229F0541800F37CCA /* ContactRow.swift */ = {isa = PBXFileReference; lastKnownFileType = sourcecode.swift; path = ContactRow.swift; sourceTree = "<group>"; };
		9241FF6429F060E800F37CCA /* ContactList.swift */ = {isa = PBXFileReference; lastKnownFileType = sourcecode.swift; path = ContactList.swift; sourceTree = "<group>"; };
		9241FF6629F0D0CD00F37CCA /* RootMainView.swift */ = {isa = PBXFileReference; lastKnownFileType = sourcecode.swift; path = RootMainView.swift; sourceTree = "<group>"; };
		9241FF6B29FB4F1300F37CCA /* ContactDetailScreen.swift */ = {isa = PBXFileReference; lastKnownFileType = sourcecode.swift; path = ContactDetailScreen.swift; sourceTree = "<group>"; };
		9241FF6D29FB545000F37CCA /* ContactDetailActionButton.swift */ = {isa = PBXFileReference; lastKnownFileType = sourcecode.swift; path = ContactDetailActionButton.swift; sourceTree = "<group>"; };
		924A3F212A56470E00F5B7D8 /* UserRouter.swift */ = {isa = PBXFileReference; lastKnownFileType = sourcecode.swift; path = UserRouter.swift; sourceTree = "<group>"; };
		924A3F232A56486F00F5B7D8 /* Constants.swift */ = {isa = PBXFileReference; lastKnownFileType = sourcecode.swift; path = Constants.swift; sourceTree = "<group>"; };
		924A3F252A565DD800F5B7D8 /* UserService.swift */ = {isa = PBXFileReference; lastKnownFileType = sourcecode.swift; path = UserService.swift; sourceTree = "<group>"; };
		924A3F272A5B486B00F5B7D8 /* AuthRouter.swift */ = {isa = PBXFileReference; lastKnownFileType = sourcecode.swift; path = AuthRouter.swift; sourceTree = "<group>"; };
		924A3F292A5B4A7C00F5B7D8 /* AuthService.swift */ = {isa = PBXFileReference; lastKnownFileType = sourcecode.swift; path = AuthService.swift; sourceTree = "<group>"; };
		924A3F2C2A5B857C00F5B7D8 /* SuccessfulLoginResponse.swift */ = {isa = PBXFileReference; lastKnownFileType = sourcecode.swift; path = SuccessfulLoginResponse.swift; sourceTree = "<group>"; };
		924A3F2E2A6773F700F5B7D8 /* KeyStorage.swift */ = {isa = PBXFileReference; lastKnownFileType = sourcecode.swift; path = KeyStorage.swift; sourceTree = "<group>"; };
		924A3F332A69FAC000F5B7D8 /* HomeScreenModel.swift */ = {isa = PBXFileReference; lastKnownFileType = sourcecode.swift; path = HomeScreenModel.swift; sourceTree = "<group>"; };
		926806912A2D0DCC00B604CF /* DealNoteList.swift */ = {isa = PBXFileReference; lastKnownFileType = sourcecode.swift; path = DealNoteList.swift; sourceTree = "<group>"; };
		926806932A2D0EEC00B604CF /* NoteRow.swift */ = {isa = PBXFileReference; lastKnownFileType = sourcecode.swift; path = NoteRow.swift; sourceTree = "<group>"; };
		926806992A33AE0F00B604CF /* SettingsScreen.swift */ = {isa = PBXFileReference; lastKnownFileType = sourcecode.swift; path = SettingsScreen.swift; sourceTree = "<group>"; };
		9268069B2A33AFC800B604CF /* SettingRow.swift */ = {isa = PBXFileReference; lastKnownFileType = sourcecode.swift; path = SettingRow.swift; sourceTree = "<group>"; };
		926F99E229FC01F000632F61 /* ContactDetailAction.swift */ = {isa = PBXFileReference; lastKnownFileType = sourcecode.swift; path = ContactDetailAction.swift; sourceTree = "<group>"; };
		92E0011529FCCE9000603EAB /* ContactDetailSubSection.swift */ = {isa = PBXFileReference; lastKnownFileType = sourcecode.swift; path = ContactDetailSubSection.swift; sourceTree = "<group>"; };
		92E0011729FCDAE800603EAB /* ContactDetailNoteSection.swift */ = {isa = PBXFileReference; lastKnownFileType = sourcecode.swift; path = ContactDetailNoteSection.swift; sourceTree = "<group>"; };
		92E0011929FCE02800603EAB /* ContactDetailSummarySection.swift */ = {isa = PBXFileReference; lastKnownFileType = sourcecode.swift; path = ContactDetailSummarySection.swift; sourceTree = "<group>"; };
		92E0011F2A01A92F00603EAB /* PipelineScreen.swift */ = {isa = PBXFileReference; lastKnownFileType = sourcecode.swift; path = PipelineScreen.swift; sourceTree = "<group>"; };
		92E001212A01F1BE00603EAB /* DealSectionHeader.swift */ = {isa = PBXFileReference; lastKnownFileType = sourcecode.swift; path = DealSectionHeader.swift; sourceTree = "<group>"; };
		92E001232A0359BF00603EAB /* DealSectionList.swift */ = {isa = PBXFileReference; lastKnownFileType = sourcecode.swift; path = DealSectionList.swift; sourceTree = "<group>"; };
		92E001252A0404DB00603EAB /* Pipeline.swift */ = {isa = PBXFileReference; lastKnownFileType = sourcecode.swift; path = Pipeline.swift; sourceTree = "<group>"; };
		92E001272A04050E00603EAB /* Stage.swift */ = {isa = PBXFileReference; lastKnownFileType = sourcecode.swift; path = Stage.swift; sourceTree = "<group>"; };
		92E001292A0405DE00603EAB /* Deal.swift */ = {isa = PBXFileReference; lastKnownFileType = sourcecode.swift; path = Deal.swift; sourceTree = "<group>"; };
		92E0012B2A04094000603EAB /* DealRow.swift */ = {isa = PBXFileReference; lastKnownFileType = sourcecode.swift; path = DealRow.swift; sourceTree = "<group>"; };
		92E0012D2A04180900603EAB /* PipelineMockData.swift */ = {isa = PBXFileReference; lastKnownFileType = sourcecode.swift; path = PipelineMockData.swift; sourceTree = "<group>"; };
		92E0012F2A0EB82600603EAB /* PipelineScreenModel.swift */ = {isa = PBXFileReference; lastKnownFileType = sourcecode.swift; path = PipelineScreenModel.swift; sourceTree = "<group>"; };
		92E001312A10234000603EAB /* BindingOnChangeExtension.swift */ = {isa = PBXFileReference; lastKnownFileType = sourcecode.swift; path = BindingOnChangeExtension.swift; sourceTree = "<group>"; };
		92E001332A17C8D900603EAB /* PipelineRouter.swift */ = {isa = PBXFileReference; lastKnownFileType = sourcecode.swift; path = PipelineRouter.swift; sourceTree = "<group>"; };
		92E001352A199A7000603EAB /* DealScreen.swift */ = {isa = PBXFileReference; lastKnownFileType = sourcecode.swift; path = DealScreen.swift; sourceTree = "<group>"; };
/* End PBXFileReference section */

/* Begin PBXFrameworksBuildPhase section */
		9239B77629E3656600BBECE0 /* Frameworks */ = {
			isa = PBXFrameworksBuildPhase;
			buildActionMask = 2147483647;
			files = (
				921BF3BB2A44CC1200AC5909 /* Lottie in Frameworks */,
				924A3F1E2A56103F00F5B7D8 /* Alamofire in Frameworks */,
				924A3F322A67743000F5B7D8 /* KeychainAccess in Frameworks */,
			);
			runOnlyForDeploymentPostprocessing = 0;
		};
		9239B78629E3656700BBECE0 /* Frameworks */ = {
			isa = PBXFrameworksBuildPhase;
			buildActionMask = 2147483647;
			files = (
			);
			runOnlyForDeploymentPostprocessing = 0;
		};
		9239B79029E3656700BBECE0 /* Frameworks */ = {
			isa = PBXFrameworksBuildPhase;
			buildActionMask = 2147483647;
			files = (
			);
			runOnlyForDeploymentPostprocessing = 0;
		};
/* End PBXFrameworksBuildPhase section */

/* Begin PBXGroup section */
		921BF3BE2A44D11300AC5909 /* Animations */ = {
			isa = PBXGroup;
			children = (
				921BF3C12A44D12800AC5909 /* contacts.json */,
				921BF3C22A44D12900AC5909 /* deals.json */,
				921BF3C02A44D12800AC5909 /* home_graph.json */,
				921BF3C32A44D12900AC5909 /* home_recent.json */,
				921BF3BF2A44D12800AC5909 /* notes.json */,
			);
			path = Animations;
			sourceTree = "<group>";
		};
		9239B77029E3656600BBECE0 = {
			isa = PBXGroup;
			children = (
				9239B77B29E3656600BBECE0 /* Tretta */,
				9239B78C29E3656700BBECE0 /* TrettaTests */,
				9239B79629E3656700BBECE0 /* TrettaUITests */,
				9239B77A29E3656600BBECE0 /* Products */,
			);
			sourceTree = "<group>";
		};
		9239B77A29E3656600BBECE0 /* Products */ = {
			isa = PBXGroup;
			children = (
				9239B77929E3656600BBECE0 /* Tretta.app */,
				9239B78929E3656700BBECE0 /* TrettaTests.xctest */,
				9239B79329E3656700BBECE0 /* TrettaUITests.xctest */,
			);
			name = Products;
			sourceTree = "<group>";
		};
		9239B77B29E3656600BBECE0 /* Tretta */ = {
			isa = PBXGroup;
			children = (
				924A3F1B2A560F1D00F5B7D8 /* Networking */,
				9239B7AC29E3A11B00BBECE0 /* Shared */,
				9239B7A629E388D200BBECE0 /* Modules */,
				9239B77C29E3656600BBECE0 /* TrettaApp.swift */,
				9239B78029E3656700BBECE0 /* Assets.xcassets */,
				9239B78229E3656700BBECE0 /* Preview Content */,
			);
			path = Tretta;
			sourceTree = "<group>";
		};
		9239B78229E3656700BBECE0 /* Preview Content */ = {
			isa = PBXGroup;
			children = (
				9239B78329E3656700BBECE0 /* Preview Assets.xcassets */,
			);
			path = "Preview Content";
			sourceTree = "<group>";
		};
		9239B78C29E3656700BBECE0 /* TrettaTests */ = {
			isa = PBXGroup;
			children = (
				9239B78D29E3656700BBECE0 /* TrettaTests.swift */,
			);
			path = TrettaTests;
			sourceTree = "<group>";
		};
		9239B79629E3656700BBECE0 /* TrettaUITests */ = {
			isa = PBXGroup;
			children = (
				9239B79729E3656700BBECE0 /* TrettaUITests.swift */,
				9239B79929E3656700BBECE0 /* TrettaUITestsLaunchTests.swift */,
			);
			path = TrettaUITests;
			sourceTree = "<group>";
		};
		9239B7A629E388D200BBECE0 /* Modules */ = {
			isa = PBXGroup;
			children = (
				926806952A33AD2700B604CF /* Settings */,
				92E0011B2A00CAE400603EAB /* Pipeline */,
				9241FF5029F0266F00F37CCA /* Contact */,
				9239B7D629E9DF5D00BBECE0 /* Home */,
				9239B7A829E3891A00BBECE0 /* Onboarding */,
			);
			path = Modules;
			sourceTree = "<group>";
		};
		9239B7A829E3891A00BBECE0 /* Onboarding */ = {
			isa = PBXGroup;
			children = (
				9239B7AB29E3895D00BBECE0 /* Models */,
				9239B7AA29E3895300BBECE0 /* Views */,
				9239B7A929E3894200BBECE0 /* Screens */,
			);
			path = Onboarding;
			sourceTree = "<group>";
		};
		9239B7A929E3894200BBECE0 /* Screens */ = {
			isa = PBXGroup;
			children = (
				9239B7B529E3B20400BBECE0 /* SignInScreen.swift */,
				9239B7CC29E9A4A400BBECE0 /* ResetPasswordScreen.swift */,
				9239B7CE29E9B5D600BBECE0 /* AddCompanyScreen.swift */,
				9239B7D029E9B75F00BBECE0 /* SignUpNameScreen.swift */,
				9239B7D229E9B7A800BBECE0 /* SignUpAccountScreen.swift */,
			);
			path = Screens;
			sourceTree = "<group>";
		};
		9239B7AA29E3895300BBECE0 /* Views */ = {
			isa = PBXGroup;
			children = (
			);
			path = Views;
			sourceTree = "<group>";
		};
		9239B7AB29E3895D00BBECE0 /* Models */ = {
			isa = PBXGroup;
			children = (
				9239B7B129E3AF3900BBECE0 /* OnboardingRouter.swift */,
			);
			path = Models;
			sourceTree = "<group>";
		};
		9239B7AC29E3A11B00BBECE0 /* Shared */ = {
			isa = PBXGroup;
			children = (
				9239B7B929E4AC7C00BBECE0 /* Helpers */,
				9239B7AD29E3AC4000BBECE0 /* Models */,
				9239B7AE29E3AC4D00BBECE0 /* Views */,
			);
			path = Shared;
			sourceTree = "<group>";
		};
		9239B7AD29E3AC4000BBECE0 /* Models */ = {
			isa = PBXGroup;
			children = (
				921BF3BE2A44D11300AC5909 /* Animations */,
				9239B7AF29E3AC8A00BBECE0 /* Route.swift */,
				9239B7BC29E4AD4300BBECE0 /* User.swift */,
				9239B7BE29E4AE6A00BBECE0 /* Organization.swift */,
				9239B7CA29E755FD00BBECE0 /* NavigationState.swift */,
				921BF3B72A43A8E500AC5909 /* EmptyStateType.swift */,
				924A3F232A56486F00F5B7D8 /* Constants.swift */,
			);
			path = Models;
			sourceTree = "<group>";
		};
		9239B7AE29E3AC4D00BBECE0 /* Views */ = {
			isa = PBXGroup;
			children = (
				9239B7B329E3B1BC00BBECE0 /* AppContainerView.swift */,
				9239B7C229E5114300BBECE0 /* FloatingTextField.swift */,
				9239B7C629E66AE400BBECE0 /* PillButton.swift */,
				9239B7C829E745A500BBECE0 /* ClearButton.swift */,
				9239B7D429E9C0EF00BBECE0 /* CheckboxToggle.swift */,
				9241FF6629F0D0CD00F37CCA /* RootMainView.swift */,
				921BF3B52A436ECF00AC5909 /* EmptyStateView.swift */,
				921BF3BC2A44CF9300AC5909 /* LottieView.swift */,
			);
			path = Views;
			sourceTree = "<group>";
		};
		9239B7B929E4AC7C00BBECE0 /* Helpers */ = {
			isa = PBXGroup;
			children = (
				9239B7B729E4AB3500BBECE0 /* CustomStringConvertible.swift */,
				9239B7BA29E4AC8F00BBECE0 /* SnakeCaseJSONDecoder.swift */,
				9239B7C029E4B2A400BBECE0 /* HexColorExtension.swift */,
				9239B7C429E667B400BBECE0 /* Colors.swift */,
				92E001312A10234000603EAB /* BindingOnChangeExtension.swift */,
				924A3F2E2A6773F700F5B7D8 /* KeyStorage.swift */,
			);
			path = Helpers;
			sourceTree = "<group>";
		};
		9239B7D629E9DF5D00BBECE0 /* Home */ = {
			isa = PBXGroup;
			children = (
				9239B7D929E9DF7C00BBECE0 /* Models */,
				9239B7D829E9DF7600BBECE0 /* Views */,
				9239B7D729E9DF6E00BBECE0 /* Screens */,
			);
			path = Home;
			sourceTree = "<group>";
		};
		9239B7D729E9DF6E00BBECE0 /* Screens */ = {
			isa = PBXGroup;
			children = (
				9239B7DC29EA0BDD00BBECE0 /* HomeScreen.swift */,
			);
			path = Screens;
			sourceTree = "<group>";
		};
		9239B7D829E9DF7600BBECE0 /* Views */ = {
			isa = PBXGroup;
			children = (
				9241FF4429EE1E6100F37CCA /* ContactCircle.swift */,
				9239B7DE29EB55DC00BBECE0 /* DashboardProgressSection.swift */,
				9239B7E029EB591100BBECE0 /* DashboardMetricsSection.swift */,
				9239B7E229EBEC9E00BBECE0 /* RecentDealCard.swift */,
				9241FF4229EE1DAD00F37CCA /* RecentContactCard.swift */,
				9241FF4629EE238E00F37CCA /* DropdownMenu.swift */,
				9241FF4A29EE358000F37CCA /* DonutChart.swift */,
				9241FF4C29EF6DF000F37CCA /* RecentDealsSection.swift */,
				9241FF4E29EF743500F37CCA /* RecentContactsSection.swift */,
			);
			path = Views;
			sourceTree = "<group>";
		};
		9239B7D929E9DF7C00BBECE0 /* Models */ = {
			isa = PBXGroup;
			children = (
				9239B7DA29EA0B1100BBECE0 /* DashboardPipelineProgress.swift */,
				9241FF4829EE319B00F37CCA /* ChartDataContainer.swift */,
				9241FF5C29F04A7500F37CCA /* HomeRouter.swift */,
				924A3F332A69FAC000F5B7D8 /* HomeScreenModel.swift */,
			);
			path = Models;
			sourceTree = "<group>";
		};
		9241FF5029F0266F00F37CCA /* Contact */ = {
			isa = PBXGroup;
			children = (
				9241FF5329F026BB00F37CCA /* Models */,
				9241FF5229F026AA00F37CCA /* Views */,
				9241FF5129F0269000F37CCA /* Screens */,
			);
			path = Contact;
			sourceTree = "<group>";
		};
		9241FF5129F0269000F37CCA /* Screens */ = {
			isa = PBXGroup;
			children = (
				9241FF5629F02BEF00F37CCA /* ContactScreen.swift */,
				9241FF6B29FB4F1300F37CCA /* ContactDetailScreen.swift */,
			);
			path = Screens;
			sourceTree = "<group>";
		};
		9241FF5229F026AA00F37CCA /* Views */ = {
			isa = PBXGroup;
			children = (
				9241FF5E29F04D8300F37CCA /* ContactHeader.swift */,
				9241FF6229F0541800F37CCA /* ContactRow.swift */,
				9241FF6429F060E800F37CCA /* ContactList.swift */,
				9241FF6D29FB545000F37CCA /* ContactDetailActionButton.swift */,
				92E0011529FCCE9000603EAB /* ContactDetailSubSection.swift */,
				92E0011729FCDAE800603EAB /* ContactDetailNoteSection.swift */,
				92E0011929FCE02800603EAB /* ContactDetailSummarySection.swift */,
			);
			path = Views;
			sourceTree = "<group>";
		};
		9241FF5329F026BB00F37CCA /* Models */ = {
			isa = PBXGroup;
			children = (
				9241FF5429F027F600F37CCA /* Contact.swift */,
				9241FF5A29F0496200F37CCA /* ContactRouter.swift */,
				9241FF6029F04F8F00F37CCA /* ContactMockData.swift */,
				926F99E229FC01F000632F61 /* ContactDetailAction.swift */,
			);
			path = Models;
			sourceTree = "<group>";
		};
		924A3F1B2A560F1D00F5B7D8 /* Networking */ = {
			isa = PBXGroup;
			children = (
				924A3F2B2A5B856600F5B7D8 /* Models */,
				924A3F1F2A56463200F5B7D8 /* Routers */,
				924A3F202A56463800F5B7D8 /* Services */,
			);
			path = Networking;
			sourceTree = "<group>";
		};
		924A3F1F2A56463200F5B7D8 /* Routers */ = {
			isa = PBXGroup;
			children = (
				924A3F272A5B486B00F5B7D8 /* AuthRouter.swift */,
				924A3F212A56470E00F5B7D8 /* UserRouter.swift */,
			);
			path = Routers;
			sourceTree = "<group>";
		};
		924A3F202A56463800F5B7D8 /* Services */ = {
			isa = PBXGroup;
			children = (
				924A3F292A5B4A7C00F5B7D8 /* AuthService.swift */,
				924A3F252A565DD800F5B7D8 /* UserService.swift */,
			);
			path = Services;
			sourceTree = "<group>";
		};
		924A3F2B2A5B856600F5B7D8 /* Models */ = {
			isa = PBXGroup;
			children = (
				924A3F2C2A5B857C00F5B7D8 /* SuccessfulLoginResponse.swift */,
			);
			path = Models;
			sourceTree = "<group>";
		};
		926806952A33AD2700B604CF /* Settings */ = {
			isa = PBXGroup;
			children = (
				926806982A33AD6900B604CF /* Models */,
				926806972A33AD5B00B604CF /* Views */,
				926806962A33AD4B00B604CF /* Screens */,
			);
			path = Settings;
			sourceTree = "<group>";
		};
		926806962A33AD4B00B604CF /* Screens */ = {
			isa = PBXGroup;
			children = (
				926806992A33AE0F00B604CF /* SettingsScreen.swift */,
			);
			path = Screens;
			sourceTree = "<group>";
		};
		926806972A33AD5B00B604CF /* Views */ = {
			isa = PBXGroup;
			children = (
				9268069B2A33AFC800B604CF /* SettingRow.swift */,
			);
			path = Views;
			sourceTree = "<group>";
		};
		926806982A33AD6900B604CF /* Models */ = {
			isa = PBXGroup;
			children = (
			);
			path = Models;
			sourceTree = "<group>";
		};
		92E0011B2A00CAE400603EAB /* Pipeline */ = {
			isa = PBXGroup;
			children = (
				92E0011E2A00CB0A00603EAB /* Models */,
				92E0011D2A00CAFD00603EAB /* Views */,
				92E0011C2A00CAF500603EAB /* Screens */,
			);
			path = Pipeline;
			sourceTree = "<group>";
		};
		92E0011C2A00CAF500603EAB /* Screens */ = {
			isa = PBXGroup;
			children = (
				92E0011F2A01A92F00603EAB /* PipelineScreen.swift */,
				92E001352A199A7000603EAB /* DealScreen.swift */,
			);
			path = Screens;
			sourceTree = "<group>";
		};
		92E0011D2A00CAFD00603EAB /* Views */ = {
			isa = PBXGroup;
			children = (
				92E001212A01F1BE00603EAB /* DealSectionHeader.swift */,
				92E001232A0359BF00603EAB /* DealSectionList.swift */,
				92E0012B2A04094000603EAB /* DealRow.swift */,
				926806912A2D0DCC00B604CF /* DealNoteList.swift */,
				926806932A2D0EEC00B604CF /* NoteRow.swift */,
			);
			path = Views;
			sourceTree = "<group>";
		};
		92E0011E2A00CB0A00603EAB /* Models */ = {
			isa = PBXGroup;
			children = (
				92E001252A0404DB00603EAB /* Pipeline.swift */,
				92E001272A04050E00603EAB /* Stage.swift */,
				92E001292A0405DE00603EAB /* Deal.swift */,
				92E0012D2A04180900603EAB /* PipelineMockData.swift */,
				92E0012F2A0EB82600603EAB /* PipelineScreenModel.swift */,
				92E001332A17C8D900603EAB /* PipelineRouter.swift */,
			);
			path = Models;
			sourceTree = "<group>";
		};
/* End PBXGroup section */

/* Begin PBXNativeTarget section */
		9239B77829E3656600BBECE0 /* Tretta */ = {
			isa = PBXNativeTarget;
			buildConfigurationList = 9239B79D29E3656700BBECE0 /* Build configuration list for PBXNativeTarget "Tretta" */;
			buildPhases = (
				9239B77529E3656600BBECE0 /* Sources */,
				9239B77629E3656600BBECE0 /* Frameworks */,
				9239B77729E3656600BBECE0 /* Resources */,
			);
			buildRules = (
			);
			dependencies = (
			);
			name = Tretta;
			packageProductDependencies = (
				921BF3BA2A44CC1200AC5909 /* Lottie */,
				924A3F1D2A56103F00F5B7D8 /* Alamofire */,
				924A3F312A67743000F5B7D8 /* KeychainAccess */,
			);
			productName = Tretta;
			productReference = 9239B77929E3656600BBECE0 /* Tretta.app */;
			productType = "com.apple.product-type.application";
		};
		9239B78829E3656700BBECE0 /* TrettaTests */ = {
			isa = PBXNativeTarget;
			buildConfigurationList = 9239B7A029E3656700BBECE0 /* Build configuration list for PBXNativeTarget "TrettaTests" */;
			buildPhases = (
				9239B78529E3656700BBECE0 /* Sources */,
				9239B78629E3656700BBECE0 /* Frameworks */,
				9239B78729E3656700BBECE0 /* Resources */,
			);
			buildRules = (
			);
			dependencies = (
				9239B78B29E3656700BBECE0 /* PBXTargetDependency */,
			);
			name = TrettaTests;
			productName = TrettaTests;
			productReference = 9239B78929E3656700BBECE0 /* TrettaTests.xctest */;
			productType = "com.apple.product-type.bundle.unit-test";
		};
		9239B79229E3656700BBECE0 /* TrettaUITests */ = {
			isa = PBXNativeTarget;
			buildConfigurationList = 9239B7A329E3656700BBECE0 /* Build configuration list for PBXNativeTarget "TrettaUITests" */;
			buildPhases = (
				9239B78F29E3656700BBECE0 /* Sources */,
				9239B79029E3656700BBECE0 /* Frameworks */,
				9239B79129E3656700BBECE0 /* Resources */,
			);
			buildRules = (
			);
			dependencies = (
				9239B79529E3656700BBECE0 /* PBXTargetDependency */,
			);
			name = TrettaUITests;
			productName = TrettaUITests;
			productReference = 9239B79329E3656700BBECE0 /* TrettaUITests.xctest */;
			productType = "com.apple.product-type.bundle.ui-testing";
		};
/* End PBXNativeTarget section */

/* Begin PBXProject section */
		9239B77129E3656600BBECE0 /* Project object */ = {
			isa = PBXProject;
			attributes = {
				BuildIndependentTargetsInParallel = 1;
				LastSwiftUpdateCheck = 1430;
				LastUpgradeCheck = 1430;
				TargetAttributes = {
					9239B77829E3656600BBECE0 = {
						CreatedOnToolsVersion = 14.3;
					};
					9239B78829E3656700BBECE0 = {
						CreatedOnToolsVersion = 14.3;
						TestTargetID = 9239B77829E3656600BBECE0;
					};
					9239B79229E3656700BBECE0 = {
						CreatedOnToolsVersion = 14.3;
						TestTargetID = 9239B77829E3656600BBECE0;
					};
				};
			};
			buildConfigurationList = 9239B77429E3656600BBECE0 /* Build configuration list for PBXProject "Tretta" */;
			compatibilityVersion = "Xcode 14.0";
			developmentRegion = en;
			hasScannedForEncodings = 0;
			knownRegions = (
				en,
				Base,
			);
			mainGroup = 9239B77029E3656600BBECE0;
			packageReferences = (
				921BF3B92A44CC1200AC5909 /* XCRemoteSwiftPackageReference "lottie-spm" */,
				924A3F1C2A56103F00F5B7D8 /* XCRemoteSwiftPackageReference "Alamofire" */,
				924A3F302A67743000F5B7D8 /* XCRemoteSwiftPackageReference "KeychainAccess" */,
			);
			productRefGroup = 9239B77A29E3656600BBECE0 /* Products */;
			projectDirPath = "";
			projectRoot = "";
			targets = (
				9239B77829E3656600BBECE0 /* Tretta */,
				9239B78829E3656700BBECE0 /* TrettaTests */,
				9239B79229E3656700BBECE0 /* TrettaUITests */,
			);
		};
/* End PBXProject section */

/* Begin PBXResourcesBuildPhase section */
		9239B77729E3656600BBECE0 /* Resources */ = {
			isa = PBXResourcesBuildPhase;
			buildActionMask = 2147483647;
			files = (
				921BF3C62A44D12900AC5909 /* contacts.json in Resources */,
				921BF3C72A44D12900AC5909 /* deals.json in Resources */,
				9239B78429E3656700BBECE0 /* Preview Assets.xcassets in Resources */,
				921BF3C52A44D12900AC5909 /* home_graph.json in Resources */,
				921BF3C82A44D12900AC5909 /* home_recent.json in Resources */,
				9239B78129E3656700BBECE0 /* Assets.xcassets in Resources */,
				921BF3C42A44D12900AC5909 /* notes.json in Resources */,
			);
			runOnlyForDeploymentPostprocessing = 0;
		};
		9239B78729E3656700BBECE0 /* Resources */ = {
			isa = PBXResourcesBuildPhase;
			buildActionMask = 2147483647;
			files = (
			);
			runOnlyForDeploymentPostprocessing = 0;
		};
		9239B79129E3656700BBECE0 /* Resources */ = {
			isa = PBXResourcesBuildPhase;
			buildActionMask = 2147483647;
			files = (
			);
			runOnlyForDeploymentPostprocessing = 0;
		};
/* End PBXResourcesBuildPhase section */

/* Begin PBXSourcesBuildPhase section */
		9239B77529E3656600BBECE0 /* Sources */ = {
			isa = PBXSourcesBuildPhase;
			buildActionMask = 2147483647;
			files = (
				9239B7D129E9B75F00BBECE0 /* SignUpNameScreen.swift in Sources */,
				92E001242A0359BF00603EAB /* DealSectionList.swift in Sources */,
				9239B7CF29E9B5D600BBECE0 /* AddCompanyScreen.swift in Sources */,
				9239B7B429E3B1BC00BBECE0 /* AppContainerView.swift in Sources */,
				92E001362A199A7000603EAB /* DealScreen.swift in Sources */,
				92E0012C2A04094000603EAB /* DealRow.swift in Sources */,
				92E0012A2A0405DE00603EAB /* Deal.swift in Sources */,
				9241FF4529EE1E6100F37CCA /* ContactCircle.swift in Sources */,
				926806942A2D0EEC00B604CF /* NoteRow.swift in Sources */,
				9241FF6529F060E800F37CCA /* ContactList.swift in Sources */,
				9239B7DB29EA0B1100BBECE0 /* DashboardPipelineProgress.swift in Sources */,
				92E0012E2A04180900603EAB /* PipelineMockData.swift in Sources */,
				9239B7E129EB591100BBECE0 /* DashboardMetricsSection.swift in Sources */,
				9241FF5529F027F600F37CCA /* Contact.swift in Sources */,
				9239B7DD29EA0BDD00BBECE0 /* HomeScreen.swift in Sources */,
				926F99E329FC01F000632F61 /* ContactDetailAction.swift in Sources */,
				924A3F2D2A5B857C00F5B7D8 /* SuccessfulLoginResponse.swift in Sources */,
				9239B7B229E3AF3900BBECE0 /* OnboardingRouter.swift in Sources */,
				92E0011829FCDAE800603EAB /* ContactDetailNoteSection.swift in Sources */,
				92E0011629FCCE9000603EAB /* ContactDetailSubSection.swift in Sources */,
				9241FF5B29F0496200F37CCA /* ContactRouter.swift in Sources */,
				924A3F2F2A6773F700F5B7D8 /* KeyStorage.swift in Sources */,
				9241FF4329EE1DAD00F37CCA /* RecentContactCard.swift in Sources */,
				9241FF4D29EF6DF000F37CCA /* RecentDealsSection.swift in Sources */,
				92E0011A29FCE02800603EAB /* ContactDetailSummarySection.swift in Sources */,
				92E001222A01F1BE00603EAB /* DealSectionHeader.swift in Sources */,
				9239B7D529E9C0EF00BBECE0 /* CheckboxToggle.swift in Sources */,
				9241FF4F29EF743500F37CCA /* RecentContactsSection.swift in Sources */,
				921BF3B62A436ECF00AC5909 /* EmptyStateView.swift in Sources */,
				92E001262A0404DB00603EAB /* Pipeline.swift in Sources */,
				9239B7BB29E4AC8F00BBECE0 /* SnakeCaseJSONDecoder.swift in Sources */,
				9239B7D329E9B7A800BBECE0 /* SignUpAccountScreen.swift in Sources */,
				9241FF6729F0D0CD00F37CCA /* RootMainView.swift in Sources */,
				926806922A2D0DCC00B604CF /* DealNoteList.swift in Sources */,
				9239B7B029E3AC8A00BBECE0 /* Route.swift in Sources */,
				9239B7CB29E755FD00BBECE0 /* NavigationState.swift in Sources */,
				92E001342A17C8D900603EAB /* PipelineRouter.swift in Sources */,
				924A3F242A56486F00F5B7D8 /* Constants.swift in Sources */,
				9239B7DF29EB55DC00BBECE0 /* DashboardProgressSection.swift in Sources */,
				9241FF4B29EE358000F37CCA /* DonutChart.swift in Sources */,
				924A3F342A69FAC000F5B7D8 /* HomeScreenModel.swift in Sources */,
				9268069A2A33AE0F00B604CF /* SettingsScreen.swift in Sources */,
				9239B7BD29E4AD4300BBECE0 /* User.swift in Sources */,
				9241FF4929EE319B00F37CCA /* ChartDataContainer.swift in Sources */,
				9239B7C729E66AE400BBECE0 /* PillButton.swift in Sources */,
				924A3F282A5B486B00F5B7D8 /* AuthRouter.swift in Sources */,
				9241FF6329F0541800F37CCA /* ContactRow.swift in Sources */,
				9239B7C929E745A500BBECE0 /* ClearButton.swift in Sources */,
				9239B77D29E3656600BBECE0 /* TrettaApp.swift in Sources */,
				9241FF5D29F04A7500F37CCA /* HomeRouter.swift in Sources */,
				9241FF6E29FB545000F37CCA /* ContactDetailActionButton.swift in Sources */,
				9239B7C329E5114300BBECE0 /* FloatingTextField.swift in Sources */,
				92E001282A04050E00603EAB /* Stage.swift in Sources */,
				9239B7CD29E9A4A400BBECE0 /* ResetPasswordScreen.swift in Sources */,
				92E001302A0EB82700603EAB /* PipelineScreenModel.swift in Sources */,
				9241FF5F29F04D8300F37CCA /* ContactHeader.swift in Sources */,
				921BF3B82A43A8E500AC5909 /* EmptyStateType.swift in Sources */,
				924A3F262A565DD800F5B7D8 /* UserService.swift in Sources */,
				92E001202A01A92F00603EAB /* PipelineScreen.swift in Sources */,
				921BF3BD2A44CF9300AC5909 /* LottieView.swift in Sources */,
				92E001322A10234000603EAB /* BindingOnChangeExtension.swift in Sources */,
				9239B7C529E667B400BBECE0 /* Colors.swift in Sources */,
				924A3F2A2A5B4A7C00F5B7D8 /* AuthService.swift in Sources */,
				9239B7C129E4B2A400BBECE0 /* HexColorExtension.swift in Sources */,
				9239B7B829E4AB3500BBECE0 /* CustomStringConvertible.swift in Sources */,
				9241FF6C29FB4F1300F37CCA /* ContactDetailScreen.swift in Sources */,
				9239B7BF29E4AE6A00BBECE0 /* Organization.swift in Sources */,
				924A3F222A56470E00F5B7D8 /* UserRouter.swift in Sources */,
				9239B7E329EBEC9E00BBECE0 /* RecentDealCard.swift in Sources */,
				9239B7B629E3B20400BBECE0 /* SignInScreen.swift in Sources */,
				9241FF5729F02BEF00F37CCA /* ContactScreen.swift in Sources */,
				9241FF6129F04F8F00F37CCA /* ContactMockData.swift in Sources */,
				9241FF4729EE238E00F37CCA /* DropdownMenu.swift in Sources */,
				9268069C2A33AFC800B604CF /* SettingRow.swift in Sources */,
			);
			runOnlyForDeploymentPostprocessing = 0;
		};
		9239B78529E3656700BBECE0 /* Sources */ = {
			isa = PBXSourcesBuildPhase;
			buildActionMask = 2147483647;
			files = (
				9239B78E29E3656700BBECE0 /* TrettaTests.swift in Sources */,
			);
			runOnlyForDeploymentPostprocessing = 0;
		};
		9239B78F29E3656700BBECE0 /* Sources */ = {
			isa = PBXSourcesBuildPhase;
			buildActionMask = 2147483647;
			files = (
				9239B79A29E3656700BBECE0 /* TrettaUITestsLaunchTests.swift in Sources */,
				9239B79829E3656700BBECE0 /* TrettaUITests.swift in Sources */,
			);
			runOnlyForDeploymentPostprocessing = 0;
		};
/* End PBXSourcesBuildPhase section */

/* Begin PBXTargetDependency section */
		9239B78B29E3656700BBECE0 /* PBXTargetDependency */ = {
			isa = PBXTargetDependency;
			target = 9239B77829E3656600BBECE0 /* Tretta */;
			targetProxy = 9239B78A29E3656700BBECE0 /* PBXContainerItemProxy */;
		};
		9239B79529E3656700BBECE0 /* PBXTargetDependency */ = {
			isa = PBXTargetDependency;
			target = 9239B77829E3656600BBECE0 /* Tretta */;
			targetProxy = 9239B79429E3656700BBECE0 /* PBXContainerItemProxy */;
		};
/* End PBXTargetDependency section */

/* Begin XCBuildConfiguration section */
		9239B79B29E3656700BBECE0 /* Debug */ = {
			isa = XCBuildConfiguration;
			buildSettings = {
				ALWAYS_SEARCH_USER_PATHS = NO;
				CLANG_ANALYZER_NONNULL = YES;
				CLANG_ANALYZER_NUMBER_OBJECT_CONVERSION = YES_AGGRESSIVE;
				CLANG_CXX_LANGUAGE_STANDARD = "gnu++20";
				CLANG_ENABLE_MODULES = YES;
				CLANG_ENABLE_OBJC_ARC = YES;
				CLANG_ENABLE_OBJC_WEAK = YES;
				CLANG_WARN_BLOCK_CAPTURE_AUTORELEASING = YES;
				CLANG_WARN_BOOL_CONVERSION = YES;
				CLANG_WARN_COMMA = YES;
				CLANG_WARN_CONSTANT_CONVERSION = YES;
				CLANG_WARN_DEPRECATED_OBJC_IMPLEMENTATIONS = YES;
				CLANG_WARN_DIRECT_OBJC_ISA_USAGE = YES_ERROR;
				CLANG_WARN_DOCUMENTATION_COMMENTS = YES;
				CLANG_WARN_EMPTY_BODY = YES;
				CLANG_WARN_ENUM_CONVERSION = YES;
				CLANG_WARN_INFINITE_RECURSION = YES;
				CLANG_WARN_INT_CONVERSION = YES;
				CLANG_WARN_NON_LITERAL_NULL_CONVERSION = YES;
				CLANG_WARN_OBJC_IMPLICIT_RETAIN_SELF = YES;
				CLANG_WARN_OBJC_LITERAL_CONVERSION = YES;
				CLANG_WARN_OBJC_ROOT_CLASS = YES_ERROR;
				CLANG_WARN_QUOTED_INCLUDE_IN_FRAMEWORK_HEADER = YES;
				CLANG_WARN_RANGE_LOOP_ANALYSIS = YES;
				CLANG_WARN_STRICT_PROTOTYPES = YES;
				CLANG_WARN_SUSPICIOUS_MOVE = YES;
				CLANG_WARN_UNGUARDED_AVAILABILITY = YES_AGGRESSIVE;
				CLANG_WARN_UNREACHABLE_CODE = YES;
				CLANG_WARN__DUPLICATE_METHOD_MATCH = YES;
				COPY_PHASE_STRIP = NO;
				DEBUG_INFORMATION_FORMAT = dwarf;
				ENABLE_STRICT_OBJC_MSGSEND = YES;
				ENABLE_TESTABILITY = YES;
				GCC_C_LANGUAGE_STANDARD = gnu11;
				GCC_DYNAMIC_NO_PIC = NO;
				GCC_NO_COMMON_BLOCKS = YES;
				GCC_OPTIMIZATION_LEVEL = 0;
				GCC_PREPROCESSOR_DEFINITIONS = (
					"DEBUG=1",
					"$(inherited)",
				);
				GCC_WARN_64_TO_32_BIT_CONVERSION = YES;
				GCC_WARN_ABOUT_RETURN_TYPE = YES_ERROR;
				GCC_WARN_UNDECLARED_SELECTOR = YES;
				GCC_WARN_UNINITIALIZED_AUTOS = YES_AGGRESSIVE;
				GCC_WARN_UNUSED_FUNCTION = YES;
				GCC_WARN_UNUSED_VARIABLE = YES;
				IPHONEOS_DEPLOYMENT_TARGET = 16.4;
				MTL_ENABLE_DEBUG_INFO = INCLUDE_SOURCE;
				MTL_FAST_MATH = YES;
				ONLY_ACTIVE_ARCH = YES;
				SDKROOT = iphoneos;
				SWIFT_ACTIVE_COMPILATION_CONDITIONS = DEBUG;
				SWIFT_OPTIMIZATION_LEVEL = "-Onone";
			};
			name = Debug;
		};
		9239B79C29E3656700BBECE0 /* Release */ = {
			isa = XCBuildConfiguration;
			buildSettings = {
				ALWAYS_SEARCH_USER_PATHS = NO;
				CLANG_ANALYZER_NONNULL = YES;
				CLANG_ANALYZER_NUMBER_OBJECT_CONVERSION = YES_AGGRESSIVE;
				CLANG_CXX_LANGUAGE_STANDARD = "gnu++20";
				CLANG_ENABLE_MODULES = YES;
				CLANG_ENABLE_OBJC_ARC = YES;
				CLANG_ENABLE_OBJC_WEAK = YES;
				CLANG_WARN_BLOCK_CAPTURE_AUTORELEASING = YES;
				CLANG_WARN_BOOL_CONVERSION = YES;
				CLANG_WARN_COMMA = YES;
				CLANG_WARN_CONSTANT_CONVERSION = YES;
				CLANG_WARN_DEPRECATED_OBJC_IMPLEMENTATIONS = YES;
				CLANG_WARN_DIRECT_OBJC_ISA_USAGE = YES_ERROR;
				CLANG_WARN_DOCUMENTATION_COMMENTS = YES;
				CLANG_WARN_EMPTY_BODY = YES;
				CLANG_WARN_ENUM_CONVERSION = YES;
				CLANG_WARN_INFINITE_RECURSION = YES;
				CLANG_WARN_INT_CONVERSION = YES;
				CLANG_WARN_NON_LITERAL_NULL_CONVERSION = YES;
				CLANG_WARN_OBJC_IMPLICIT_RETAIN_SELF = YES;
				CLANG_WARN_OBJC_LITERAL_CONVERSION = YES;
				CLANG_WARN_OBJC_ROOT_CLASS = YES_ERROR;
				CLANG_WARN_QUOTED_INCLUDE_IN_FRAMEWORK_HEADER = YES;
				CLANG_WARN_RANGE_LOOP_ANALYSIS = YES;
				CLANG_WARN_STRICT_PROTOTYPES = YES;
				CLANG_WARN_SUSPICIOUS_MOVE = YES;
				CLANG_WARN_UNGUARDED_AVAILABILITY = YES_AGGRESSIVE;
				CLANG_WARN_UNREACHABLE_CODE = YES;
				CLANG_WARN__DUPLICATE_METHOD_MATCH = YES;
				COPY_PHASE_STRIP = NO;
				DEBUG_INFORMATION_FORMAT = "dwarf-with-dsym";
				ENABLE_NS_ASSERTIONS = NO;
				ENABLE_STRICT_OBJC_MSGSEND = YES;
				GCC_C_LANGUAGE_STANDARD = gnu11;
				GCC_NO_COMMON_BLOCKS = YES;
				GCC_WARN_64_TO_32_BIT_CONVERSION = YES;
				GCC_WARN_ABOUT_RETURN_TYPE = YES_ERROR;
				GCC_WARN_UNDECLARED_SELECTOR = YES;
				GCC_WARN_UNINITIALIZED_AUTOS = YES_AGGRESSIVE;
				GCC_WARN_UNUSED_FUNCTION = YES;
				GCC_WARN_UNUSED_VARIABLE = YES;
				IPHONEOS_DEPLOYMENT_TARGET = 16.4;
				MTL_ENABLE_DEBUG_INFO = NO;
				MTL_FAST_MATH = YES;
				SDKROOT = iphoneos;
				SWIFT_COMPILATION_MODE = wholemodule;
				SWIFT_OPTIMIZATION_LEVEL = "-O";
				VALIDATE_PRODUCT = YES;
			};
			name = Release;
		};
		9239B79E29E3656700BBECE0 /* Debug */ = {
			isa = XCBuildConfiguration;
			buildSettings = {
				ASSETCATALOG_COMPILER_APPICON_NAME = AppIcon;
				ASSETCATALOG_COMPILER_GLOBAL_ACCENT_COLOR_NAME = AccentColor;
				CODE_SIGN_STYLE = Automatic;
				CURRENT_PROJECT_VERSION = 1;
				DEVELOPMENT_ASSET_PATHS = "\"Tretta/Preview Content\"";
				DEVELOPMENT_TEAM = SG6765QWG2;
				ENABLE_PREVIEWS = YES;
				GENERATE_INFOPLIST_FILE = YES;
				INFOPLIST_KEY_UIApplicationSceneManifest_Generation = YES;
				INFOPLIST_KEY_UIApplicationSupportsIndirectInputEvents = YES;
				INFOPLIST_KEY_UILaunchScreen_Generation = YES;
				INFOPLIST_KEY_UISupportedInterfaceOrientations_iPad = "UIInterfaceOrientationPortrait UIInterfaceOrientationPortraitUpsideDown UIInterfaceOrientationLandscapeLeft UIInterfaceOrientationLandscapeRight";
				INFOPLIST_KEY_UISupportedInterfaceOrientations_iPhone = "UIInterfaceOrientationPortrait UIInterfaceOrientationLandscapeLeft UIInterfaceOrientationLandscapeRight";
				LD_RUNPATH_SEARCH_PATHS = (
					"$(inherited)",
					"@executable_path/Frameworks",
				);
				MARKETING_VERSION = 1.0;
				PRODUCT_BUNDLE_IDENTIFIER = com.jasoncornwall.Tretta;
				PRODUCT_NAME = "$(TARGET_NAME)";
				SWIFT_EMIT_LOC_STRINGS = YES;
				SWIFT_VERSION = 5.0;
				TARGETED_DEVICE_FAMILY = "1,2";
			};
			name = Debug;
		};
		9239B79F29E3656700BBECE0 /* Release */ = {
			isa = XCBuildConfiguration;
			buildSettings = {
				ASSETCATALOG_COMPILER_APPICON_NAME = AppIcon;
				ASSETCATALOG_COMPILER_GLOBAL_ACCENT_COLOR_NAME = AccentColor;
				CODE_SIGN_STYLE = Automatic;
				CURRENT_PROJECT_VERSION = 1;
				DEVELOPMENT_ASSET_PATHS = "\"Tretta/Preview Content\"";
				DEVELOPMENT_TEAM = SG6765QWG2;
				ENABLE_PREVIEWS = YES;
				GENERATE_INFOPLIST_FILE = YES;
				INFOPLIST_KEY_UIApplicationSceneManifest_Generation = YES;
				INFOPLIST_KEY_UIApplicationSupportsIndirectInputEvents = YES;
				INFOPLIST_KEY_UILaunchScreen_Generation = YES;
				INFOPLIST_KEY_UISupportedInterfaceOrientations_iPad = "UIInterfaceOrientationPortrait UIInterfaceOrientationPortraitUpsideDown UIInterfaceOrientationLandscapeLeft UIInterfaceOrientationLandscapeRight";
				INFOPLIST_KEY_UISupportedInterfaceOrientations_iPhone = "UIInterfaceOrientationPortrait UIInterfaceOrientationLandscapeLeft UIInterfaceOrientationLandscapeRight";
				LD_RUNPATH_SEARCH_PATHS = (
					"$(inherited)",
					"@executable_path/Frameworks",
				);
				MARKETING_VERSION = 1.0;
				PRODUCT_BUNDLE_IDENTIFIER = com.jasoncornwall.Tretta;
				PRODUCT_NAME = "$(TARGET_NAME)";
				SWIFT_EMIT_LOC_STRINGS = YES;
				SWIFT_VERSION = 5.0;
				TARGETED_DEVICE_FAMILY = "1,2";
			};
			name = Release;
		};
		9239B7A129E3656700BBECE0 /* Debug */ = {
			isa = XCBuildConfiguration;
			buildSettings = {
				ALWAYS_EMBED_SWIFT_STANDARD_LIBRARIES = YES;
				BUNDLE_LOADER = "$(TEST_HOST)";
				CODE_SIGN_STYLE = Automatic;
				CURRENT_PROJECT_VERSION = 1;
				DEVELOPMENT_TEAM = SG6765QWG2;
				GENERATE_INFOPLIST_FILE = YES;
				IPHONEOS_DEPLOYMENT_TARGET = 16.4;
				MARKETING_VERSION = 1.0;
				PRODUCT_BUNDLE_IDENTIFIER = com.jasoncornwall.TrettaTests;
				PRODUCT_NAME = "$(TARGET_NAME)";
				SWIFT_EMIT_LOC_STRINGS = NO;
				SWIFT_VERSION = 5.0;
				TARGETED_DEVICE_FAMILY = "1,2";
				TEST_HOST = "$(BUILT_PRODUCTS_DIR)/Tretta.app/$(BUNDLE_EXECUTABLE_FOLDER_PATH)/Tretta";
			};
			name = Debug;
		};
		9239B7A229E3656700BBECE0 /* Release */ = {
			isa = XCBuildConfiguration;
			buildSettings = {
				ALWAYS_EMBED_SWIFT_STANDARD_LIBRARIES = YES;
				BUNDLE_LOADER = "$(TEST_HOST)";
				CODE_SIGN_STYLE = Automatic;
				CURRENT_PROJECT_VERSION = 1;
				DEVELOPMENT_TEAM = SG6765QWG2;
				GENERATE_INFOPLIST_FILE = YES;
				IPHONEOS_DEPLOYMENT_TARGET = 16.4;
				MARKETING_VERSION = 1.0;
				PRODUCT_BUNDLE_IDENTIFIER = com.jasoncornwall.TrettaTests;
				PRODUCT_NAME = "$(TARGET_NAME)";
				SWIFT_EMIT_LOC_STRINGS = NO;
				SWIFT_VERSION = 5.0;
				TARGETED_DEVICE_FAMILY = "1,2";
				TEST_HOST = "$(BUILT_PRODUCTS_DIR)/Tretta.app/$(BUNDLE_EXECUTABLE_FOLDER_PATH)/Tretta";
			};
			name = Release;
		};
		9239B7A429E3656700BBECE0 /* Debug */ = {
			isa = XCBuildConfiguration;
			buildSettings = {
				ALWAYS_EMBED_SWIFT_STANDARD_LIBRARIES = YES;
				CODE_SIGN_STYLE = Automatic;
				CURRENT_PROJECT_VERSION = 1;
				DEVELOPMENT_TEAM = SG6765QWG2;
				GENERATE_INFOPLIST_FILE = YES;
				MARKETING_VERSION = 1.0;
				PRODUCT_BUNDLE_IDENTIFIER = com.jasoncornwall.TrettaUITests;
				PRODUCT_NAME = "$(TARGET_NAME)";
				SWIFT_EMIT_LOC_STRINGS = NO;
				SWIFT_VERSION = 5.0;
				TARGETED_DEVICE_FAMILY = "1,2";
				TEST_TARGET_NAME = Tretta;
			};
			name = Debug;
		};
		9239B7A529E3656700BBECE0 /* Release */ = {
			isa = XCBuildConfiguration;
			buildSettings = {
				ALWAYS_EMBED_SWIFT_STANDARD_LIBRARIES = YES;
				CODE_SIGN_STYLE = Automatic;
				CURRENT_PROJECT_VERSION = 1;
				DEVELOPMENT_TEAM = SG6765QWG2;
				GENERATE_INFOPLIST_FILE = YES;
				MARKETING_VERSION = 1.0;
				PRODUCT_BUNDLE_IDENTIFIER = com.jasoncornwall.TrettaUITests;
				PRODUCT_NAME = "$(TARGET_NAME)";
				SWIFT_EMIT_LOC_STRINGS = NO;
				SWIFT_VERSION = 5.0;
				TARGETED_DEVICE_FAMILY = "1,2";
				TEST_TARGET_NAME = Tretta;
			};
			name = Release;
		};
/* End XCBuildConfiguration section */

/* Begin XCConfigurationList section */
		9239B77429E3656600BBECE0 /* Build configuration list for PBXProject "Tretta" */ = {
			isa = XCConfigurationList;
			buildConfigurations = (
				9239B79B29E3656700BBECE0 /* Debug */,
				9239B79C29E3656700BBECE0 /* Release */,
			);
			defaultConfigurationIsVisible = 0;
			defaultConfigurationName = Release;
		};
		9239B79D29E3656700BBECE0 /* Build configuration list for PBXNativeTarget "Tretta" */ = {
			isa = XCConfigurationList;
			buildConfigurations = (
				9239B79E29E3656700BBECE0 /* Debug */,
				9239B79F29E3656700BBECE0 /* Release */,
			);
			defaultConfigurationIsVisible = 0;
			defaultConfigurationName = Release;
		};
		9239B7A029E3656700BBECE0 /* Build configuration list for PBXNativeTarget "TrettaTests" */ = {
			isa = XCConfigurationList;
			buildConfigurations = (
				9239B7A129E3656700BBECE0 /* Debug */,
				9239B7A229E3656700BBECE0 /* Release */,
			);
			defaultConfigurationIsVisible = 0;
			defaultConfigurationName = Release;
		};
		9239B7A329E3656700BBECE0 /* Build configuration list for PBXNativeTarget "TrettaUITests" */ = {
			isa = XCConfigurationList;
			buildConfigurations = (
				9239B7A429E3656700BBECE0 /* Debug */,
				9239B7A529E3656700BBECE0 /* Release */,
			);
			defaultConfigurationIsVisible = 0;
			defaultConfigurationName = Release;
		};
/* End XCConfigurationList section */

/* Begin XCRemoteSwiftPackageReference section */
		921BF3B92A44CC1200AC5909 /* XCRemoteSwiftPackageReference "lottie-spm" */ = {
			isa = XCRemoteSwiftPackageReference;
			repositoryURL = "https://github.com/airbnb/lottie-spm.git";
			requirement = {
				kind = upToNextMajorVersion;
				minimumVersion = 4.0.0;
			};
		};
		924A3F1C2A56103F00F5B7D8 /* XCRemoteSwiftPackageReference "Alamofire" */ = {
			isa = XCRemoteSwiftPackageReference;
			repositoryURL = "https://github.com/Alamofire/Alamofire.git";
			requirement = {
				kind = upToNextMajorVersion;
				minimumVersion = 5.7.0;
			};
		};
		924A3F302A67743000F5B7D8 /* XCRemoteSwiftPackageReference "KeychainAccess" */ = {
			isa = XCRemoteSwiftPackageReference;
			repositoryURL = "https://github.com/kishikawakatsumi/KeychainAccess";
			requirement = {
				branch = master;
				kind = branch;
			};
		};
/* End XCRemoteSwiftPackageReference section */

/* Begin XCSwiftPackageProductDependency section */
		921BF3BA2A44CC1200AC5909 /* Lottie */ = {
			isa = XCSwiftPackageProductDependency;
			package = 921BF3B92A44CC1200AC5909 /* XCRemoteSwiftPackageReference "lottie-spm" */;
			productName = Lottie;
		};
		924A3F1D2A56103F00F5B7D8 /* Alamofire */ = {
			isa = XCSwiftPackageProductDependency;
			package = 924A3F1C2A56103F00F5B7D8 /* XCRemoteSwiftPackageReference "Alamofire" */;
			productName = Alamofire;
		};
		924A3F312A67743000F5B7D8 /* KeychainAccess */ = {
			isa = XCSwiftPackageProductDependency;
			package = 924A3F302A67743000F5B7D8 /* XCRemoteSwiftPackageReference "KeychainAccess" */;
			productName = KeychainAccess;
		};
/* End XCSwiftPackageProductDependency section */
	};
	rootObject = 9239B77129E3656600BBECE0 /* Project object */;
}
